
Microsoft Visual Studio Solution File, Format Version 12.00
# Visual Studio Version 17
VisualStudioVersion = 17.8.34316.72
MinimumVisualStudioVersion = 10.0.40219.1
Project("{9A19103F-16F7-4668-BE54-9A1E7A4F7556}") = "Dglz.Business", "src\Dglz.Business\Dglz.Business.csproj", "{4772AB0B-6580-4A48-ADC5-7F06233299EF}"
EndProject
Project("{9A19103F-16F7-4668-BE54-9A1E7A4F7556}") = "Dglz.Data", "src\Dglz.Data\Dglz.Data.csproj", "{DA2E8B36-1067-4C19-9BD1-4420EDF9FE6A}"
EndProject
Global
	GlobalSection(SolutionConfigurationPlatforms) = preSolution
		Debug|Any CPU = Debug|Any CPU
		Release|Any CPU = Release|Any CPU
	EndGlobalSection
	GlobalSection(ProjectConfigurationPlatforms) = postSolution
		{4772AB0B-6580-4A48-ADC5-7F06233299EF}.Debug|Any CPU.ActiveCfg = Debug|Any CPU
		{4772AB0B-6580-4A48-ADC5-7F06233299EF}.Debug|Any CPU.Build.0 = Debug|Any CPU
		{4772AB0B-6580-4A48-ADC5-7F06233299EF}.Release|Any CPU.ActiveCfg = Release|Any CPU
		{4772AB0B-6580-4A48-ADC5-7F06233299EF}.Release|Any CPU.Build.0 = Release|Any CPU
		{DA2E8B36-1067-4C19-9BD1-4420EDF9FE6A}.Debug|Any CPU.ActiveCfg = Debug|Any CPU
		{DA2E8B36-1067-4C19-9BD1-4420EDF9FE6A}.Debug|Any CPU.Build.0 = Debug|Any CPU
		{DA2E8B36-1067-4C19-9BD1-4420EDF9FE6A}.Release|Any CPU.ActiveCfg = Release|Any CPU
		{DA2E8B36-1067-4C19-9BD1-4420EDF9FE6A}.Release|Any CPU.Build.0 = Release|Any CPU
	EndGlobalSection
	GlobalSection(SolutionProperties) = preSolution
		HideSolutionNode = FALSE
	EndGlobalSection
	GlobalSection(ExtensibilityGlobals) = postSolution
		SolutionGuid = {CDCD06EF-E721-4A71-9DC7-3B56A527BFD0}
	EndGlobalSection
EndGlobal
